Microsoft Visual Studio Solution File, Format Version 12.00
# Visual Studio Version 17
VisualStudioVersion = 17.5.2.0
MinimumVisualStudioVersion = 10.0.40219.1
Project("{FAE04EC0-301F-11D3-BF4B-00C04F79EFBC}") = "physics engine", "physics engine.csproj", "{F53D0909-DA48-D9F9-45A9-AC35F1168881}"
EndProject
Global
	GlobalSection(SolutionConfigurationPlatforms) = preSolution
		Debug|Any CPU = Debug|Any CPU
		Release|Any CPU = Release|Any CPU
	EndGlobalSection
	GlobalSection(ProjectConfigurationPlatforms) = postSolution
		{F53D0909-DA48-D9F9-45A9-AC35F1168881}.Debug|Any CPU.ActiveCfg = Debug|Any CPU
		{F53D0909-DA48-D9F9-45A9-AC35F1168881}.Debug|Any CPU.Build.0 = Debug|Any CPU
		{F53D0909-DA48-D9F9-45A9-AC35F1168881}.Release|Any CPU.ActiveCfg = Release|Any CPU
		{F53D0909-DA48-D9F9-45A9-AC35F1168881}.Release|Any CPU.Build.0 = Release|Any CPU
	EndGlobalSection
	GlobalSection(SolutionProperties) = preSolution
		HideSolutionNode = FALSE
	EndGlobalSection
	GlobalSection(ExtensibilityGlobals) = postSolution
		SolutionGuid = {38C0EDC4-FED2-44F3-9343-6D7BBD03B667}
	EndGlobalSection
EndGlobal
